// !$*UTF8*$!
{
	archiveVersion = 1;
	classes = {
	};
	objectVersion = 50;
	objects = {

/* Begin PBXBuildFile section */
		851F021622B9471100B32D2A /* AppDelegate.swift in Sources */ = {isa = PBXBuildFile; fileRef = 851F021522B9471100B32D2A /* AppDelegate.swift */; };
		851F021B22B9471100B32D2A /* Main.storyboard in Resources */ = {isa = PBXBuildFile; fileRef = 851F021922B9471100B32D2A /* Main.storyboard */; };
		851F021D22B9471200B32D2A /* Assets.xcassets in Resources */ = {isa = PBXBuildFile; fileRef = 851F021C22B9471200B32D2A /* Assets.xcassets */; };
		851F022022B9471200B32D2A /* LaunchScreen.storyboard in Resources */ = {isa = PBXBuildFile; fileRef = 851F021E22B9471200B32D2A /* LaunchScreen.storyboard */; };
		851F022E22B94BAD00B32D2A /* ViewController.swift in Sources */ = {isa = PBXBuildFile; fileRef = 851F022D22B94BAD00B32D2A /* ViewController.swift */; };
/* End PBXBuildFile section */

/* Begin PBXFileReference section */
		851F021222B9471100B32D2A /* NapTime27.app */ = {isa = PBXFileReference; explicitFileType = wrapper.application; includeInIndex = 0; path = NapTime27.app; sourceTree = BUILT_PRODUCTS_DIR; };
		851F021522B9471100B32D2A /* AppDelegate.swift */ = {isa = PBXFileReference; lastKnownFileType = sourcecode.swift; path = AppDelegate.swift; sourceTree = "<group>"; };
		851F021A22B9471100B32D2A /* Base */ = {isa = PBXFileReference; lastKnownFileType = file.storyboard; name = Base; path = Base.lproj/Main.storyboard; sourceTree = "<group>"; };
		851F021C22B9471200B32D2A /* Assets.xcassets */ = {isa = PBXFileReference; lastKnownFileType = folder.assetcatalog; path = Assets.xcassets; sourceTree = "<group>"; };
		851F021F22B9471200B32D2A /* Base */ = {isa = PBXFileReference; lastKnownFileType = file.storyboard; name = Base; path = Base.lproj/LaunchScreen.storyboard; sourceTree = "<group>"; };
		851F022122B9471200B32D2A /* Info.plist */ = {isa = PBXFileReference; lastKnownFileType = text.plist.xml; path = Info.plist; sourceTree = "<group>"; };
		851F022D22B94BAD00B32D2A /* ViewController.swift */ = {isa = PBXFileReference; lastKnownFileType = sourcecode.swift; path = ViewController.swift; sourceTree = "<group>"; };
/* End PBXFileReference section */

/* Begin PBXFrameworksBuildPhase section */
		851F020F22B9471100B32D2A /* Frameworks */ = {
			isa = PBXFrameworksBuildPhase;
			buildActionMask = 2147483647;
			files = (
			);
			runOnlyForDeploymentPostprocessing = 0;
		};
/* End PBXFrameworksBuildPhase section */

/* Begin PBXGroup section */
		851F020922B9471100B32D2A = {
			isa = PBXGroup;
			children = (
				851F021422B9471100B32D2A /* NapTime27 */,
				851F021322B9471100B32D2A /* Products */,
			);
			sourceTree = "<group>";
		};
		851F021322B9471100B32D2A /* Products */ = {
			isa = PBXGroup;
			children = (
				851F021222B9471100B32D2A /* NapTime27.app */,
			);
			name = Products;
			sourceTree = "<group>";
		};
		851F021422B9471100B32D2A /* NapTime27 */ = {
			isa = PBXGroup;
			children = (
				851F022A22B9481A00B32D2A /* Models */,
				851F022922B9480F00B32D2A /* Views */,
				851F022822B947FD00B32D2A /* Controllers */,
				851F022722B947F300B32D2A /* Resources */,
			);
			path = NapTime27;
			sourceTree = "<group>";
		};
		851F022722B947F300B32D2A /* Resources */ = {
			isa = PBXGroup;
			children = (
				851F021522B9471100B32D2A /* AppDelegate.swift */,
				851F021C22B9471200B32D2A /* Assets.xcassets */,
				851F021E22B9471200B32D2A /* LaunchScreen.storyboard */,
				851F022122B9471200B32D2A /* Info.plist */,
			);
			path = Resources;
			sourceTree = "<group>";
		};
		851F022822B947FD00B32D2A /* Controllers */ = {
			isa = PBXGroup;
			children = (
				851F022B22B9482A00B32D2A /* Model Controllers */,
				851F022C22B9483300B32D2A /* View Controllers */,
			);
			path = Controllers;
			sourceTree = "<group>";
		};
		851F022922B9480F00B32D2A /* Views */ = {
			isa = PBXGroup;
			children = (
				851F021922B9471100B32D2A /* Main.storyboard */,
			);
			path = Views;
			sourceTree = "<group>";
		};
		851F022A22B9481A00B32D2A /* Models */ = {
			isa = PBXGroup;
			children = (
			);
			path = Models;
			sourceTree = "<group>";
		};
		851F022B22B9482A00B32D2A /* Model Controllers */ = {
			isa = PBXGroup;
			children = (
			);
			path = "Model Controllers";
			sourceTree = "<group>";
		};
		851F022C22B9483300B32D2A /* View Controllers */ = {
			isa = PBXGroup;
			children = (
				851F022D22B94BAD00B32D2A /* ViewController.swift */,
			);
			path = "View Controllers";
			sourceTree = "<group>";
		};
/* End PBXGroup section */

/* Begin PBXNativeTarget section */
		851F021122B9471100B32D2A /* NapTime27 */ = {
			isa = PBXNativeTarget;
			buildConfigurationList = 851F022422B9471200B32D2A /* Build configuration list for PBXNativeTarget "NapTime27" */;
			buildPhases = (
				851F020E22B9471100B32D2A /* Sources */,
				851F020F22B9471100B32D2A /* Frameworks */,
				851F021022B9471100B32D2A /* Resources */,
			);
			buildRules = (
			);
			dependencies = (
			);
			name = NapTime27;
			productName = NapTime27;
			productReference = 851F021222B9471100B32D2A /* NapTime27.app */;
			productType = "com.apple.product-type.application";
		};
/* End PBXNativeTarget section */

/* Begin PBXProject section */
		851F020A22B9471100B32D2A /* Project object */ = {
			isa = PBXProject;
			attributes = {
				LastSwiftUpdateCheck = 1020;
				LastUpgradeCheck = 1020;
				ORGANIZATIONNAME = "Timothy Rosenvall";
				TargetAttributes = {
					851F021122B9471100B32D2A = {
						CreatedOnToolsVersion = 10.2.1;
					};
				};
			};
			buildConfigurationList = 851F020D22B9471100B32D2A /* Build configuration list for PBXProject "NapTime27" */;
			compatibilityVersion = "Xcode 9.3";
			developmentRegion = en;
			hasScannedForEncodings = 0;
			knownRegions = (
				en,
				Base,
			);
			mainGroup = 851F020922B9471100B32D2A;
			productRefGroup = 851F021322B9471100B32D2A /* Products */;
			projectDirPath = "";
			projectRoot = "";
			targets = (
				851F021122B9471100B32D2A /* NapTime27 */,
			);
		};
/* End PBXProject section */

/* Begin PBXResourcesBuildPhase section */
		851F021022B9471100B32D2A /* Resources */ = {
			isa = PBXResourcesBuildPhase;
			buildActionMask = 2147483647;
			files = (
				851F022022B9471200B32D2A /* LaunchScreen.storyboard in Resources */,
				851F021D22B9471200B32D2A /* Assets.xcassets in Resources */,
				851F021B22B9471100B32D2A /* Main.storyboard in Resources */,
			);
			runOnlyForDeploymentPostprocessing = 0;
		};
/* End PBXResourcesBuildPhase section */

/* Begin PBXSourcesBuildPhase section */
		851F020E22B9471100B32D2A /* Sources */ = {
			isa = PBXSourcesBuildPhase;
			buildActionMask = 2147483647;
			files = (
				851F022E22B94BAD00B32D2A /* ViewController.swift in Sources */,
				851F021622B9471100B32D2A /* AppDelegate.swift in Sources */,
			);
			runOnlyForDeploymentPostprocessing = 0;
		};
/* End PBXSourcesBuildPhase section */

/* Begin PBXVariantGroup section */
		851F021922B9471100B32D2A /* Main.storyboard */ = {
			isa = PBXVariantGroup;
			children = (
				851F021A22B9471100B32D2A /* Base */,
			);
			name = Main.storyboard;
			sourceTree = "<group>";
		};
		851F021E22B9471200B32D2A /* LaunchScreen.storyboard */ = {
			isa = PBXVariantGroup;
			children = (
				851F021F22B9471200B32D2A /* Base */,
			);
			name = LaunchScreen.storyboard;
			sourceTree = "<group>";
		};
/* End PBXVariantGroup section */

/* Begin XCBuildConfiguration section */
		851F022222B9471200B32D2A /* Debug */ = {
			isa = XCBuildConfiguration;
			buildSettings = {
				ALWAYS_SEARCH_USER_PATHS = NO;
				CLANG_ANALYZER_NONNULL = YES;
				CLANG_ANALYZER_NUMBER_OBJECT_CONVERSION = YES_AGGRESSIVE;
				CLANG_CXX_LANGUAGE_STANDARD = "gnu++14";
				CLANG_CXX_LIBRARY = "libc++";
				CLANG_ENABLE_MODULES = YES;
				CLANG_ENABLE_OBJC_ARC = YES;
				CLANG_ENABLE_OBJC_WEAK = YES;
				CLANG_WARN_BLOCK_CAPTURE_AUTORELEASING = YES;
				CLANG_WARN_BOOL_CONVERSION = YES;
				CLANG_WARN_COMMA = YES;
				CLANG_WARN_CONSTANT_CONVERSION = YES;
				CLANG_WARN_DEPRECATED_OBJC_IMPLEMENTATIONS = YES;
				CLANG_WARN_DIRECT_OBJC_ISA_USAGE = YES_ERROR;
				CLANG_WARN_DOCUMENTATION_COMMENTS = YES;
				CLANG_WARN_EMPTY_BODY = YES;
				CLANG_WARN_ENUM_CONVERSION = YES;
				CLANG_WARN_INFINITE_RECURSION = YES;
				CLANG_WARN_INT_CONVERSION = YES;
				CLANG_WARN_NON_LITERAL_NULL_CONVERSION = YES;
				CLANG_WARN_OBJC_IMPLICIT_RETAIN_SELF = YES;
				CLANG_WARN_OBJC_LITERAL_CONVERSION = YES;
				CLANG_WARN_OBJC_ROOT_CLASS = YES_ERROR;
				CLANG_WARN_RANGE_LOOP_ANALYSIS = YES;
				CLANG_WARN_STRICT_PROTOTYPES = YES;
				CLANG_WARN_SUSPICIOUS_MOVE = YES;
				CLANG_WARN_UNGUARDED_AVAILABILITY = YES_AGGRESSIVE;
				CLANG_WARN_UNREACHABLE_CODE = YES;
				CLANG_WARN__DUPLICATE_METHOD_MATCH = YES;
				CODE_SIGN_IDENTITY = "iPhone Developer";
				COPY_PHASE_STRIP = NO;
				DEBUG_INFORMATION_FORMAT = dwarf;
				ENABLE_STRICT_OBJC_MSGSEND = YES;
				ENABLE_TESTABILITY = YES;
				GCC_C_LANGUAGE_STANDARD = gnu11;
				GCC_DYNAMIC_NO_PIC = NO;
				GCC_NO_COMMON_BLOCKS = YES;
				GCC_OPTIMIZATION_LEVEL = 0;
				GCC_PREPROCESSOR_DEFINITIONS = (
					"DEBUG=1",
					"$(inherited)",
				);
				GCC_WARN_64_TO_32_BIT_CONVERSION = YES;
				GCC_WARN_ABOUT_RETURN_TYPE = YES_ERROR;
				GCC_WARN_UNDECLARED_SELECTOR = YES;
				GCC_WARN_UNINITIALIZED_AUTOS = YES_AGGRESSIVE;
				GCC_WARN_UNUSED_FUNCTION = YES;
				GCC_WARN_UNUSED_VARIABLE = YES;
				IPHONEOS_DEPLOYMENT_TARGET = 12.2;
				MTL_ENABLE_DEBUG_INFO = INCLUDE_SOURCE;
				MTL_FAST_MATH = YES;
				ONLY_ACTIVE_ARCH = YES;
				SDKROOT = iphoneos;
				SWIFT_ACTIVE_COMPILATION_CONDITIONS = DEBUG;
				SWIFT_OPTIMIZATION_LEVEL = "-Onone";
			};
			name = Debug;
		};
		851F022322B9471200B32D2A /* Release */ = {
			isa = XCBuildConfiguration;
			buildSettings = {
				ALWAYS_SEARCH_USER_PATHS = NO;
				CLANG_ANALYZER_NONNULL = YES;
				CLANG_ANALYZER_NUMBER_OBJECT_CONVERSION = YES_AGGRESSIVE;
				CLANG_CXX_LANGUAGE_STANDARD = "gnu++14";
				CLANG_CXX_LIBRARY = "libc++";
				CLANG_ENABLE_MODULES = YES;
				CLANG_ENABLE_OBJC_ARC = YES;
				CLANG_ENABLE_OBJC_WEAK = YES;
				CLANG_WARN_BLOCK_CAPTURE_AUTORELEASING = YES;
				CLANG_WARN_BOOL_CONVERSION = YES;
				CLANG_WARN_COMMA = YES;
				CLANG_WARN_CONSTANT_CONVERSION = YES;
				CLANG_WARN_DEPRECATED_OBJC_IMPLEMENTATIONS = YES;
				CLANG_WARN_DIRECT_OBJC_ISA_USAGE = YES_ERROR;
				CLANG_WARN_DOCUMENTATION_COMMENTS = YES;
				CLANG_WARN_EMPTY_BODY = YES;
				CLANG_WARN_ENUM_CONVERSION = YES;
				CLANG_WARN_INFINITE_RECURSION = YES;
				CLANG_WARN_INT_CONVERSION = YES;
				CLANG_WARN_NON_LITERAL_NULL_CONVERSION = YES;
				CLANG_WARN_OBJC_IMPLICIT_RETAIN_SELF = YES;
				CLANG_WARN_OBJC_LITERAL_CONVERSION = YES;
				CLANG_WARN_OBJC_ROOT_CLASS = YES_ERROR;
				CLANG_WARN_RANGE_LOOP_ANALYSIS = YES;
				CLANG_WARN_STRICT_PROTOTYPES = YES;
				CLANG_WARN_SUSPICIOUS_MOVE = YES;
				CLANG_WARN_UNGUARDED_AVAILABILITY = YES_AGGRESSIVE;
				CLANG_WARN_UNREACHABLE_CODE = YES;
				CLANG_WARN__DUPLICATE_METHOD_MATCH = YES;
				CODE_SIGN_IDENTITY = "iPhone Developer";
				COPY_PHASE_STRIP = NO;
				DEBUG_INFORMATION_FORMAT = "dwarf-with-dsym";
				ENABLE_NS_ASSERTIONS = NO;
				ENABLE_STRICT_OBJC_MSGSEND = YES;
				GCC_C_LANGUAGE_STANDARD = gnu11;
				GCC_NO_COMMON_BLOCKS = YES;
				GCC_WARN_64_TO_32_BIT_CONVERSION = YES;
				GCC_WARN_ABOUT_RETURN_TYPE = YES_ERROR;
				GCC_WARN_UNDECLARED_SELECTOR = YES;
				GCC_WARN_UNINITIALIZED_AUTOS = YES_AGGRESSIVE;
				GCC_WARN_UNUSED_FUNCTION = YES;
				GCC_WARN_UNUSED_VARIABLE = YES;
				IPHONEOS_DEPLOYMENT_TARGET = 12.2;
				MTL_ENABLE_DEBUG_INFO = NO;
				MTL_FAST_MATH = YES;
				SDKROOT = iphoneos;
				SWIFT_COMPILATION_MODE = wholemodule;
				SWIFT_OPTIMIZATION_LEVEL = "-O";
				VALIDATE_PRODUCT = YES;
			};
			name = Release;
		};
		851F022522B9471200B32D2A /* Debug */ = {
			isa = XCBuildConfiguration;
			buildSettings = {
				ASSETCATALOG_COMPILER_APPICON_NAME = AppIcon;
				CODE_SIGN_STYLE = Automatic;
				DEVELOPMENT_TEAM = YY8J3FPYX8;
				INFOPLIST_FILE = "$(SRCROOT)/NapTime27/Resources/Info.plist";
				LD_RUNPATH_SEARCH_PATHS = (
					"$(inherited)",
					"@executable_path/Frameworks",
				);
				PRODUCT_BUNDLE_IDENTIFIER = TAR.NapTime27;
				PRODUCT_NAME = "$(TARGET_NAME)";
				SWIFT_VERSION = 5.0;
				TARGETED_DEVICE_FAMILY = "1,2";
			};
			name = Debug;
		};
		851F022622B9471200B32D2A /* Release */ = {
			isa = XCBuildConfiguration;
			buildSettings = {
				ASSETCATALOG_COMPILER_APPICON_NAME = AppIcon;
				CODE_SIGN_STYLE = Automatic;
				DEVELOPMENT_TEAM = YY8J3FPYX8;
				INFOPLIST_FILE = "$(SRCROOT)/NapTime27/Resources/Info.plist";
				LD_RUNPATH_SEARCH_PATHS = (
					"$(inherited)",
					"@executable_path/Frameworks",
				);
				PRODUCT_BUNDLE_IDENTIFIER = TAR.NapTime27;
				PRODUCT_NAME = "$(TARGET_NAME)";
				SWIFT_VERSION = 5.0;
				TARGETED_DEVICE_FAMILY = "1,2";
			};
			name = Release;
		};
/* End XCBuildConfiguration section */

/* Begin XCConfigurationList section */
		851F020D22B9471100B32D2A /* Build configuration list for PBXProject "NapTime27" */ = {
			isa = XCConfigurationList;
			buildConfigurations = (
				851F022222B9471200B32D2A /* Debug */,
				851F022322B9471200B32D2A /* Release */,
			);
			defaultConfigurationIsVisible = 0;
			defaultConfigurationName = Release;
		};
		851F022422B9471200B32D2A /* Build configuration list for PBXNativeTarget "NapTime27" */ = {
			isa = XCConfigurationList;
			buildConfigurations = (
				851F022522B9471200B32D2A /* Debug */,
				851F022622B9471200B32D2A /* Release */,
			);
			defaultConfigurationIsVisible = 0;
			defaultConfigurationName = Release;
		};
/* End XCConfigurationList section */
	};
	rootObject = 851F020A22B9471100B32D2A /* Project object */;
}
